
Microsoft Visual Studio Solution File, Format Version 12.00
# Visual Studio Version 16
VisualStudioVersion = 16.0.31129.286
MinimumVisualStudioVersion = 10.0.40219.1
Project("{2150E333-8FDC-42A3-9474-1A3956D46DE8}") = "Testes", "Testes", "{8DFDC32E-45CC-4743-A9A9-AD3B5FC7FDFE}"
EndProject
Project("{2150E333-8FDC-42A3-9474-1A3956D46DE8}") = "Src", "Src", "{8E38F75F-AE46-45C8-81F3-242AF8AC1B13}"
EndProject
Project("{9A19103F-16F7-4668-BE54-9A1E7A4F7556}") = "InjecaoDependenciaTeste", "Testes\Unidade\InjecaoDependenciaTeste.csproj", "{8D787ADB-FDA1-4443-9935-0FC48B088B24}"
EndProject
Project("{2150E333-8FDC-42A3-9474-1A3956D46DE8}") = "Praticando", "Praticando", "{C441AB09-2E14-4AD7-9998-2C73885169EC}"
EndProject
Project("{2150E333-8FDC-42A3-9474-1A3956D46DE8}") = "Aplicacao", "Aplicacao", "{E53C7043-110E-4CF9-B8A3-2FA11FF9BDC3}"
EndProject
Project("{2150E333-8FDC-42A3-9474-1A3956D46DE8}") = "Data", "Data", "{1C1EDEA3-1376-4742-98CE-80B7E4A03534}"
EndProject
Project("{2150E333-8FDC-42A3-9474-1A3956D46DE8}") = "Repository", "Repository", "{DA3A006D-A66F-4F4A-8B4D-E04427015425}"
EndProject
Project("{2150E333-8FDC-42A3-9474-1A3956D46DE8}") = "Infra", "Infra", "{9A79364A-A605-4969-817C-6BCA78653954}"
EndProject
Project("{2150E333-8FDC-42A3-9474-1A3956D46DE8}") = "Ioc", "Ioc", "{93DAF86A-5E08-4291-AA4D-DE5A4098E07C}"
EndProject
Project("{2150E333-8FDC-42A3-9474-1A3956D46DE8}") = "Dominio", "Dominio", "{C7C80241-49F2-402B-BD72-7005652D516A}"
EndProject
Project("{9A19103F-16F7-4668-BE54-9A1E7A4F7556}") = "ApiID", "Src\Praticando\ApiID.csproj", "{A171379E-2D8B-4C67-83D3-20C771254BC4}"
EndProject
Project("{9A19103F-16F7-4668-BE54-9A1E7A4F7556}") = "Ioc", "Src\Ioc\Ioc.csproj", "{351E93E9-80BF-40A6-8975-3BACD340A6A3}"
EndProject
Global
	GlobalSection(SolutionConfigurationPlatforms) = preSolution
		Debug|Any CPU = Debug|Any CPU
		Release|Any CPU = Release|Any CPU
	EndGlobalSection
	GlobalSection(ProjectConfigurationPlatforms) = postSolution
		{8D787ADB-FDA1-4443-9935-0FC48B088B24}.Debug|Any CPU.ActiveCfg = Debug|Any CPU
		{8D787ADB-FDA1-4443-9935-0FC48B088B24}.Debug|Any CPU.Build.0 = Debug|Any CPU
		{8D787ADB-FDA1-4443-9935-0FC48B088B24}.Release|Any CPU.ActiveCfg = Release|Any CPU
		{8D787ADB-FDA1-4443-9935-0FC48B088B24}.Release|Any CPU.Build.0 = Release|Any CPU
		{A171379E-2D8B-4C67-83D3-20C771254BC4}.Debug|Any CPU.ActiveCfg = Debug|Any CPU
		{A171379E-2D8B-4C67-83D3-20C771254BC4}.Debug|Any CPU.Build.0 = Debug|Any CPU
		{A171379E-2D8B-4C67-83D3-20C771254BC4}.Release|Any CPU.ActiveCfg = Release|Any CPU
		{A171379E-2D8B-4C67-83D3-20C771254BC4}.Release|Any CPU.Build.0 = Release|Any CPU
		{351E93E9-80BF-40A6-8975-3BACD340A6A3}.Debug|Any CPU.ActiveCfg = Debug|Any CPU
		{351E93E9-80BF-40A6-8975-3BACD340A6A3}.Debug|Any CPU.Build.0 = Debug|Any CPU
		{351E93E9-80BF-40A6-8975-3BACD340A6A3}.Release|Any CPU.ActiveCfg = Release|Any CPU
		{351E93E9-80BF-40A6-8975-3BACD340A6A3}.Release|Any CPU.Build.0 = Release|Any CPU
	EndGlobalSection
	GlobalSection(SolutionProperties) = preSolution
		HideSolutionNode = FALSE
	EndGlobalSection
	GlobalSection(NestedProjects) = preSolution
		{8D787ADB-FDA1-4443-9935-0FC48B088B24} = {8DFDC32E-45CC-4743-A9A9-AD3B5FC7FDFE}
		{C441AB09-2E14-4AD7-9998-2C73885169EC} = {8E38F75F-AE46-45C8-81F3-242AF8AC1B13}
		{E53C7043-110E-4CF9-B8A3-2FA11FF9BDC3} = {8E38F75F-AE46-45C8-81F3-242AF8AC1B13}
		{1C1EDEA3-1376-4742-98CE-80B7E4A03534} = {8E38F75F-AE46-45C8-81F3-242AF8AC1B13}
		{DA3A006D-A66F-4F4A-8B4D-E04427015425} = {8E38F75F-AE46-45C8-81F3-242AF8AC1B13}
		{9A79364A-A605-4969-817C-6BCA78653954} = {8E38F75F-AE46-45C8-81F3-242AF8AC1B13}
		{93DAF86A-5E08-4291-AA4D-DE5A4098E07C} = {8E38F75F-AE46-45C8-81F3-242AF8AC1B13}
		{C7C80241-49F2-402B-BD72-7005652D516A} = {8E38F75F-AE46-45C8-81F3-242AF8AC1B13}
		{A171379E-2D8B-4C67-83D3-20C771254BC4} = {C441AB09-2E14-4AD7-9998-2C73885169EC}
		{351E93E9-80BF-40A6-8975-3BACD340A6A3} = {93DAF86A-5E08-4291-AA4D-DE5A4098E07C}
	EndGlobalSection
	GlobalSection(ExtensibilityGlobals) = postSolution
		SolutionGuid = {C8AB26A9-2382-48AB-A054-F26760EE29B0}
	EndGlobalSection
EndGlobal
