
Microsoft Visual Studio Solution File, Format Version 12.00
# Visual Studio Version 16
VisualStudioVersion = 16.0.29306.81
MinimumVisualStudioVersion = 10.0.40219.1
Project("{2150E333-8FDC-42A3-9474-1A3956D46DE8}") = "00_Biblioteca", "00_Biblioteca", "{8F827DDD-AAFA-4867-8762-4ABCA455FA2B}"
EndProject
Project("{2150E333-8FDC-42A3-9474-1A3956D46DE8}") = "01_SerializarXML", "01_SerializarXML", "{F2AC8E7E-48AD-4363-803E-2BBA71C82B20}"
EndProject
Project("{FAE04EC0-301F-11D3-BF4B-00C04F79EFBC}") = "Biblioteca", "Biblioteca\Biblioteca\Biblioteca.csproj", "{4725C412-CCEF-4BA6-AA99-D462DDF0E9DD}"
EndProject
Project("{FAE04EC0-301F-11D3-BF4B-00C04F79EFBC}") = "SerializarXML", "SerializarXML\SerializarXML.csproj", "{175FB909-3935-4C37-8148-62345C9F4209}"
EndProject
Project("{2150E333-8FDC-42A3-9474-1A3956D46DE8}") = "02_DeserializarXML", "02_DeserializarXML", "{A576B2C2-31C2-4399-AE97-9B23F77633BF}"
EndProject
Project("{FAE04EC0-301F-11D3-BF4B-00C04F79EFBC}") = "DeserializarXML", "DeserializarXML\DeserializarXML.csproj", "{967C86AC-C056-4653-947A-85BF82EED4A2}"
EndProject
Project("{2150E333-8FDC-42A3-9474-1A3956D46DE8}") = "03_SerializarJSON", "03_SerializarJSON", "{6864C21F-474A-4C73-B1E3-80A19D69B709}"
EndProject
Project("{FAE04EC0-301F-11D3-BF4B-00C04F79EFBC}") = "SerializarJSON", "SerializarJSON\SerializarJSON.csproj", "{B4996096-213E-4120-90F8-41B297678534}"
EndProject
Project("{2150E333-8FDC-42A3-9474-1A3956D46DE8}") = "04_DeserializarJSON", "04_DeserializarJSON", "{B5C75318-2B46-476A-9EC7-8A93FBC0020E}"
EndProject
Project("{FAE04EC0-301F-11D3-BF4B-00C04F79EFBC}") = "DeserializarJSON", "DeserializarJSON\DeserializarJSON.csproj", "{FAC109F2-FF1F-41DE-8656-0235D7F74A4F}"
EndProject
Project("{2150E333-8FDC-42A3-9474-1A3956D46DE8}") = "05_Generics", "05_Generics", "{3D871702-DA43-47E4-8B5D-5702EA4EEA86}"
EndProject
Project("{FAE04EC0-301F-11D3-BF4B-00C04F79EFBC}") = "Generics", "Generics\Generics.csproj", "{89ED3A97-0ACD-4AE6-81F3-A9886D8F1732}"
EndProject
Project("{2150E333-8FDC-42A3-9474-1A3956D46DE8}") = "06_LINQ_LAMBDA", "06_LINQ_LAMBDA", "{0CB428CF-CD61-4513-9938-88078AF27AD7}"
EndProject
Project("{FAE04EC0-301F-11D3-BF4B-00C04F79EFBC}") = "Linq", "Linq\Linq.csproj", "{C4512246-9ACE-407C-82C6-CE6D6590C75C}"
EndProject
Project("{FAE04EC0-301F-11D3-BF4B-00C04F79EFBC}") = "Linq_OBJ", "Linq_OBJ\Linq_OBJ.csproj", "{16534747-F680-4E27-9DB0-5ACBE351F995}"
EndProject
Project("{FAE04EC0-301F-11D3-BF4B-00C04F79EFBC}") = "LInq_JOIN", "LInq_JOIN\LInq_JOIN.csproj", "{325B0A9A-673F-4D86-A3B6-2FFC228079E3}"
EndProject
Project("{9A19103F-16F7-4668-BE54-9A1E7A4F7556}") = "WpfApp1", "WpfApp1\WpfApp1.csproj", "{AA38B49D-21E5-4D63-B9BE-E1CF845B9D11}"
EndProject
Project("{2150E333-8FDC-42A3-9474-1A3956D46DE8}") = "07_Thread", "07_Thread", "{D909E745-2A41-454F-807A-A57A3E158479}"
EndProject
Project("{FAE04EC0-301F-11D3-BF4B-00C04F79EFBC}") = "Thread_", "Thread\Thread_.csproj", "{661107CE-01F3-4AD6-B3C4-962653C7167D}"
EndProject
Project("{FAE04EC0-301F-11D3-BF4B-00C04F79EFBC}") = "MultThread", "MultThread\MultThread.csproj", "{521D70C2-7178-4580-86B8-2B36FF903608}"
EndProject
Project("{FAE04EC0-301F-11D3-BF4B-00C04F79EFBC}") = "ThreadBackground", "ThreadBackground\ThreadBackground.csproj", "{AF764FE1-E34E-4C82-8528-BDD5835433D8}"
EndProject
Project("{FAE04EC0-301F-11D3-BF4B-00C04F79EFBC}") = "ThreadSafe", "ThreadSafe\ThreadSafe.csproj", "{7F0E585B-3464-4525-B13B-A02EA00F2DE1}"
EndProject
Project("{FAE04EC0-301F-11D3-BF4B-00C04F79EFBC}") = "ThreadID", "ThreadID\ThreadID.csproj", "{22FC3AEF-BF99-446F-9F06-DAAAF6EA6E98}"
EndProject
Project("{FAE04EC0-301F-11D3-BF4B-00C04F79EFBC}") = "ThreadMetodos", "ThreadMetodos\ThreadMetodos.csproj", "{2A581E4E-63B3-4546-B34D-415919E5F54B}"
EndProject
Project("{FAE04EC0-301F-11D3-BF4B-00C04F79EFBC}") = "AutoManual", "AutoManual\AutoManual.csproj", "{B1253AF7-07C1-4358-B33B-735327A93E39}"
EndProject
Project("{2150E333-8FDC-42A3-9474-1A3956D46DE8}") = "08_Task", "08_Task", "{8BDEFF2F-AD93-470C-BD35-6DDB994D5D9A}"
EndProject
Project("{FAE04EC0-301F-11D3-BF4B-00C04F79EFBC}") = "Task_", "Task_\Task_.csproj", "{7EA7130E-79FC-40C1-94CA-16FE5B15ED62}"
EndProject
Global
	GlobalSection(SolutionConfigurationPlatforms) = preSolution
		Debug|Any CPU = Debug|Any CPU
		Release|Any CPU = Release|Any CPU
	EndGlobalSection
	GlobalSection(ProjectConfigurationPlatforms) = postSolution
		{4725C412-CCEF-4BA6-AA99-D462DDF0E9DD}.Debug|Any CPU.ActiveCfg = Debug|Any CPU
		{4725C412-CCEF-4BA6-AA99-D462DDF0E9DD}.Debug|Any CPU.Build.0 = Debug|Any CPU
		{4725C412-CCEF-4BA6-AA99-D462DDF0E9DD}.Release|Any CPU.ActiveCfg = Release|Any CPU
		{4725C412-CCEF-4BA6-AA99-D462DDF0E9DD}.Release|Any CPU.Build.0 = Release|Any CPU
		{175FB909-3935-4C37-8148-62345C9F4209}.Debug|Any CPU.ActiveCfg = Debug|Any CPU
		{175FB909-3935-4C37-8148-62345C9F4209}.Debug|Any CPU.Build.0 = Debug|Any CPU
		{175FB909-3935-4C37-8148-62345C9F4209}.Release|Any CPU.ActiveCfg = Release|Any CPU
		{175FB909-3935-4C37-8148-62345C9F4209}.Release|Any CPU.Build.0 = Release|Any CPU
		{967C86AC-C056-4653-947A-85BF82EED4A2}.Debug|Any CPU.ActiveCfg = Debug|Any CPU
		{967C86AC-C056-4653-947A-85BF82EED4A2}.Debug|Any CPU.Build.0 = Debug|Any CPU
		{967C86AC-C056-4653-947A-85BF82EED4A2}.Release|Any CPU.ActiveCfg = Release|Any CPU
		{967C86AC-C056-4653-947A-85BF82EED4A2}.Release|Any CPU.Build.0 = Release|Any CPU
		{B4996096-213E-4120-90F8-41B297678534}.Debug|Any CPU.ActiveCfg = Debug|Any CPU
		{B4996096-213E-4120-90F8-41B297678534}.Debug|Any CPU.Build.0 = Debug|Any CPU
		{B4996096-213E-4120-90F8-41B297678534}.Release|Any CPU.ActiveCfg = Release|Any CPU
		{B4996096-213E-4120-90F8-41B297678534}.Release|Any CPU.Build.0 = Release|Any CPU
		{FAC109F2-FF1F-41DE-8656-0235D7F74A4F}.Debug|Any CPU.ActiveCfg = Debug|Any CPU
		{FAC109F2-FF1F-41DE-8656-0235D7F74A4F}.Debug|Any CPU.Build.0 = Debug|Any CPU
		{FAC109F2-FF1F-41DE-8656-0235D7F74A4F}.Release|Any CPU.ActiveCfg = Release|Any CPU
		{FAC109F2-FF1F-41DE-8656-0235D7F74A4F}.Release|Any CPU.Build.0 = Release|Any CPU
		{89ED3A97-0ACD-4AE6-81F3-A9886D8F1732}.Debug|Any CPU.ActiveCfg = Debug|Any CPU
		{89ED3A97-0ACD-4AE6-81F3-A9886D8F1732}.Debug|Any CPU.Build.0 = Debug|Any CPU
		{89ED3A97-0ACD-4AE6-81F3-A9886D8F1732}.Release|Any CPU.ActiveCfg = Release|Any CPU
		{89ED3A97-0ACD-4AE6-81F3-A9886D8F1732}.Release|Any CPU.Build.0 = Release|Any CPU
		{C4512246-9ACE-407C-82C6-CE6D6590C75C}.Debug|Any CPU.ActiveCfg = Debug|Any CPU
		{C4512246-9ACE-407C-82C6-CE6D6590C75C}.Debug|Any CPU.Build.0 = Debug|Any CPU
		{C4512246-9ACE-407C-82C6-CE6D6590C75C}.Release|Any CPU.ActiveCfg = Release|Any CPU
		{C4512246-9ACE-407C-82C6-CE6D6590C75C}.Release|Any CPU.Build.0 = Release|Any CPU
		{16534747-F680-4E27-9DB0-5ACBE351F995}.Debug|Any CPU.ActiveCfg = Debug|Any CPU
		{16534747-F680-4E27-9DB0-5ACBE351F995}.Debug|Any CPU.Build.0 = Debug|Any CPU
		{16534747-F680-4E27-9DB0-5ACBE351F995}.Release|Any CPU.ActiveCfg = Release|Any CPU
		{16534747-F680-4E27-9DB0-5ACBE351F995}.Release|Any CPU.Build.0 = Release|Any CPU
		{325B0A9A-673F-4D86-A3B6-2FFC228079E3}.Debug|Any CPU.ActiveCfg = Debug|Any CPU
		{325B0A9A-673F-4D86-A3B6-2FFC228079E3}.Debug|Any CPU.Build.0 = Debug|Any CPU
		{325B0A9A-673F-4D86-A3B6-2FFC228079E3}.Release|Any CPU.ActiveCfg = Release|Any CPU
		{325B0A9A-673F-4D86-A3B6-2FFC228079E3}.Release|Any CPU.Build.0 = Release|Any CPU
		{AA38B49D-21E5-4D63-B9BE-E1CF845B9D11}.Debug|Any CPU.ActiveCfg = Debug|Any CPU
		{AA38B49D-21E5-4D63-B9BE-E1CF845B9D11}.Debug|Any CPU.Build.0 = Debug|Any CPU
		{AA38B49D-21E5-4D63-B9BE-E1CF845B9D11}.Release|Any CPU.ActiveCfg = Release|Any CPU
		{AA38B49D-21E5-4D63-B9BE-E1CF845B9D11}.Release|Any CPU.Build.0 = Release|Any CPU
		{661107CE-01F3-4AD6-B3C4-962653C7167D}.Debug|Any CPU.ActiveCfg = Debug|Any CPU
		{661107CE-01F3-4AD6-B3C4-962653C7167D}.Debug|Any CPU.Build.0 = Debug|Any CPU
		{661107CE-01F3-4AD6-B3C4-962653C7167D}.Release|Any CPU.ActiveCfg = Release|Any CPU
		{661107CE-01F3-4AD6-B3C4-962653C7167D}.Release|Any CPU.Build.0 = Release|Any CPU
		{521D70C2-7178-4580-86B8-2B36FF903608}.Debug|Any CPU.ActiveCfg = Debug|Any CPU
		{521D70C2-7178-4580-86B8-2B36FF903608}.Debug|Any CPU.Build.0 = Debug|Any CPU
		{521D70C2-7178-4580-86B8-2B36FF903608}.Release|Any CPU.ActiveCfg = Release|Any CPU
		{521D70C2-7178-4580-86B8-2B36FF903608}.Release|Any CPU.Build.0 = Release|Any CPU
		{AF764FE1-E34E-4C82-8528-BDD5835433D8}.Debug|Any CPU.ActiveCfg = Debug|Any CPU
		{AF764FE1-E34E-4C82-8528-BDD5835433D8}.Debug|Any CPU.Build.0 = Debug|Any CPU
		{AF764FE1-E34E-4C82-8528-BDD5835433D8}.Release|Any CPU.ActiveCfg = Release|Any CPU
		{AF764FE1-E34E-4C82-8528-BDD5835433D8}.Release|Any CPU.Build.0 = Release|Any CPU
		{7F0E585B-3464-4525-B13B-A02EA00F2DE1}.Debug|Any CPU.ActiveCfg = Debug|Any CPU
		{7F0E585B-3464-4525-B13B-A02EA00F2DE1}.Debug|Any CPU.Build.0 = Debug|Any CPU
		{7F0E585B-3464-4525-B13B-A02EA00F2DE1}.Release|Any CPU.ActiveCfg = Release|Any CPU
		{7F0E585B-3464-4525-B13B-A02EA00F2DE1}.Release|Any CPU.Build.0 = Release|Any CPU
		{22FC3AEF-BF99-446F-9F06-DAAAF6EA6E98}.Debug|Any CPU.ActiveCfg = Debug|Any CPU
		{22FC3AEF-BF99-446F-9F06-DAAAF6EA6E98}.Debug|Any CPU.Build.0 = Debug|Any CPU
		{22FC3AEF-BF99-446F-9F06-DAAAF6EA6E98}.Release|Any CPU.ActiveCfg = Release|Any CPU
		{22FC3AEF-BF99-446F-9F06-DAAAF6EA6E98}.Release|Any CPU.Build.0 = Release|Any CPU
		{2A581E4E-63B3-4546-B34D-415919E5F54B}.Debug|Any CPU.ActiveCfg = Debug|Any CPU
		{2A581E4E-63B3-4546-B34D-415919E5F54B}.Debug|Any CPU.Build.0 = Debug|Any CPU
		{2A581E4E-63B3-4546-B34D-415919E5F54B}.Release|Any CPU.ActiveCfg = Release|Any CPU
		{2A581E4E-63B3-4546-B34D-415919E5F54B}.Release|Any CPU.Build.0 = Release|Any CPU
		{B1253AF7-07C1-4358-B33B-735327A93E39}.Debug|Any CPU.ActiveCfg = Debug|Any CPU
		{B1253AF7-07C1-4358-B33B-735327A93E39}.Debug|Any CPU.Build.0 = Debug|Any CPU
		{B1253AF7-07C1-4358-B33B-735327A93E39}.Release|Any CPU.ActiveCfg = Release|Any CPU
		{B1253AF7-07C1-4358-B33B-735327A93E39}.Release|Any CPU.Build.0 = Release|Any CPU
		{7EA7130E-79FC-40C1-94CA-16FE5B15ED62}.Debug|Any CPU.ActiveCfg = Debug|Any CPU
		{7EA7130E-79FC-40C1-94CA-16FE5B15ED62}.Debug|Any CPU.Build.0 = Debug|Any CPU
		{7EA7130E-79FC-40C1-94CA-16FE5B15ED62}.Release|Any CPU.ActiveCfg = Release|Any CPU
		{7EA7130E-79FC-40C1-94CA-16FE5B15ED62}.Release|Any CPU.Build.0 = Release|Any CPU
	EndGlobalSection
	GlobalSection(SolutionProperties) = preSolution
		HideSolutionNode = FALSE
	EndGlobalSection
	GlobalSection(NestedProjects) = preSolution
		{4725C412-CCEF-4BA6-AA99-D462DDF0E9DD} = {8F827DDD-AAFA-4867-8762-4ABCA455FA2B}
		{175FB909-3935-4C37-8148-62345C9F4209} = {F2AC8E7E-48AD-4363-803E-2BBA71C82B20}
		{967C86AC-C056-4653-947A-85BF82EED4A2} = {A576B2C2-31C2-4399-AE97-9B23F77633BF}
		{B4996096-213E-4120-90F8-41B297678534} = {6864C21F-474A-4C73-B1E3-80A19D69B709}
		{FAC109F2-FF1F-41DE-8656-0235D7F74A4F} = {B5C75318-2B46-476A-9EC7-8A93FBC0020E}
		{89ED3A97-0ACD-4AE6-81F3-A9886D8F1732} = {3D871702-DA43-47E4-8B5D-5702EA4EEA86}
		{C4512246-9ACE-407C-82C6-CE6D6590C75C} = {0CB428CF-CD61-4513-9938-88078AF27AD7}
		{16534747-F680-4E27-9DB0-5ACBE351F995} = {0CB428CF-CD61-4513-9938-88078AF27AD7}
		{325B0A9A-673F-4D86-A3B6-2FFC228079E3} = {0CB428CF-CD61-4513-9938-88078AF27AD7}
		{661107CE-01F3-4AD6-B3C4-962653C7167D} = {D909E745-2A41-454F-807A-A57A3E158479}
		{521D70C2-7178-4580-86B8-2B36FF903608} = {D909E745-2A41-454F-807A-A57A3E158479}
		{AF764FE1-E34E-4C82-8528-BDD5835433D8} = {D909E745-2A41-454F-807A-A57A3E158479}
		{7F0E585B-3464-4525-B13B-A02EA00F2DE1} = {D909E745-2A41-454F-807A-A57A3E158479}
		{22FC3AEF-BF99-446F-9F06-DAAAF6EA6E98} = {D909E745-2A41-454F-807A-A57A3E158479}
		{2A581E4E-63B3-4546-B34D-415919E5F54B} = {D909E745-2A41-454F-807A-A57A3E158479}
		{B1253AF7-07C1-4358-B33B-735327A93E39} = {D909E745-2A41-454F-807A-A57A3E158479}
		{7EA7130E-79FC-40C1-94CA-16FE5B15ED62} = {8BDEFF2F-AD93-470C-BD35-6DDB994D5D9A}
	EndGlobalSection
	GlobalSection(ExtensibilityGlobals) = postSolution
		SolutionGuid = {1DBA9208-64F8-4543-B38A-D1771C950B31}
	EndGlobalSection
EndGlobal
